// !$*UTF8*$!
{
	archiveVersion = 1;
	classes = {
	};
	objectVersion = 46;
	objects = {

/* Begin PBXBuildFile section */
		AEAE14791F0BD5A30076216F /* main.swift in Sources */ = {isa = PBXBuildFile; fileRef = AEAE14781F0BD5A20076216F /* main.swift */; };
		AEAE14821F0BD5B60076216F /* traditional_oc.m in Sources */ = {isa = PBXBuildFile; fileRef = AEAE14811F0BD5B60076216F /* traditional_oc.m */; };
/* End PBXBuildFile section */

/* Begin PBXCopyFilesBuildPhase section */
		AEAE14731F0BD5A20076216F /* CopyFiles */ = {
			isa = PBXCopyFilesBuildPhase;
			buildActionMask = 2147483647;
			dstPath = /usr/share/man/man1/;
			dstSubfolderSpec = 0;
			files = (
			);
			runOnlyForDeploymentPostprocessing = 1;
		};
/* End PBXCopyFilesBuildPhase section */

/* Begin PBXFileReference section */
		AEAE14751F0BD5A20076216F /* InteroperateSwiftWithC */ = {isa = PBXFileReference; explicitFileType = "compiled.mach-o.executable"; includeInIndex = 0; path = InteroperateSwiftWithC; sourceTree = BUILT_PRODUCTS_DIR; };
		AEAE14781F0BD5A20076216F /* main.swift */ = {isa = PBXFileReference; lastKnownFileType = sourcecode.swift; path = main.swift; sourceTree = "<group>"; };
		AEAE147F1F0BD5B50076216F /* InteroperateSwiftWithC-Bridging-Header.h */ = {isa = PBXFileReference; lastKnownFileType = sourcecode.c.h; path = "InteroperateSwiftWithC-Bridging-Header.h"; sourceTree = "<group>"; };
		AEAE14801F0BD5B60076216F /* traditional_oc.h */ = {isa = PBXFileReference; fileEncoding = 4; lastKnownFileType = sourcecode.c.h; path = traditional_oc.h; sourceTree = "<group>"; };
		AEAE14811F0BD5B60076216F /* traditional_oc.m */ = {isa = PBXFileReference; fileEncoding = 4; lastKnownFileType = sourcecode.c.objc; path = traditional_oc.m; sourceTree = "<group>"; };
/* End PBXFileReference section */

/* Begin PBXFrameworksBuildPhase section */
		AEAE14721F0BD5A20076216F /* Frameworks */ = {
			isa = PBXFrameworksBuildPhase;
			buildActionMask = 2147483647;
			files = (
			);
			runOnlyForDeploymentPostprocessing = 0;
		};
/* End PBXFrameworksBuildPhase section */

/* Begin PBXGroup section */
		AEAE146C1F0BD5A20076216F = {
			isa = PBXGroup;
			children = (
				AEAE14771F0BD5A20076216F /* InteroperateSwiftWithC */,
				AEAE14761F0BD5A20076216F /* Products */,
			);
			sourceTree = "<group>";
		};
		AEAE14761F0BD5A20076216F /* Products */ = {
			isa = PBXGroup;
			children = (
				AEAE14751F0BD5A20076216F /* InteroperateSwiftWithC */,
			);
			name = Products;
			sourceTree = "<group>";
		};
		AEAE14771F0BD5A20076216F /* InteroperateSwiftWithC */ = {
			isa = PBXGroup;
			children = (
				AEAE14781F0BD5A20076216F /* main.swift */,
				AEAE14801F0BD5B60076216F /* traditional_oc.h */,
				AEAE14811F0BD5B60076216F /* traditional_oc.m */,
				AEAE147F1F0BD5B50076216F /* InteroperateSwiftWithC-Bridging-Header.h */,
			);
			path = InteroperateSwiftWithC;
			sourceTree = "<group>";
		};
/* End PBXGroup section */

/* Begin PBXNativeTarget section */
		AEAE14741F0BD5A20076216F /* InteroperateSwiftWithC */ = {
			isa = PBXNativeTarget;
			buildConfigurationList = AEAE147C1F0BD5A30076216F /* Build configuration list for PBXNativeTarget "InteroperateSwiftWithC" */;
			buildPhases = (
				AEAE14711F0BD5A20076216F /* Sources */,
				AEAE14721F0BD5A20076216F /* Frameworks */,
				AEAE14731F0BD5A20076216F /* CopyFiles */,
			);
			buildRules = (
			);
			dependencies = (
			);
			name = InteroperateSwiftWithC;
			productName = InteroperateSwiftWithC;
			productReference = AEAE14751F0BD5A20076216F /* InteroperateSwiftWithC */;
			productType = "com.apple.product-type.tool";
		};
/* End PBXNativeTarget section */

/* Begin PBXProject section */
		AEAE146D1F0BD5A20076216F /* Project object */ = {
			isa = PBXProject;
			attributes = {
				LastSwiftUpdateCheck = 0830;
				LastUpgradeCheck = 0830;
				ORGANIZATIONNAME = Kenvin;
				TargetAttributes = {
					AEAE14741F0BD5A20076216F = {
						CreatedOnToolsVersion = 8.3.2;
						DevelopmentTeam = 8GJ35L8N57;
						LastSwiftMigration = 0830;
						ProvisioningStyle = Automatic;
					};
				};
			};
			buildConfigurationList = AEAE14701F0BD5A20076216F /* Build configuration list for PBXProject "InteroperateSwiftWithC" */;
			compatibilityVersion = "Xcode 3.2";
			developmentRegion = English;
			hasScannedForEncodings = 0;
			knownRegions = (
				en,
			);
			mainGroup = AEAE146C1F0BD5A20076216F;
			productRefGroup = AEAE14761F0BD5A20076216F /* Products */;
			projectDirPath = "";
			projectRoot = "";
			targets = (
				AEAE14741F0BD5A20076216F /* InteroperateSwiftWithC */,
			);
		};
/* End PBXProject section */

/* Begin PBXSourcesBuildPhase section */
		AEAE14711F0BD5A20076216F /* Sources */ = {
			isa = PBXSourcesBuildPhase;
			buildActionMask = 2147483647;
			files = (
				AEAE14791F0BD5A30076216F /* main.swift in Sources */,
				AEAE14821F0BD5B60076216F /* traditional_oc.m in Sources */,
			);
			runOnlyForDeploymentPostprocessing = 0;
		};
/* End PBXSourcesBuildPhase section */

/* Begin XCBuildConfiguration section */
		AEAE147A1F0BD5A30076216F /* Debug */ = {
			isa = XCBuildConfiguration;
			buildSettings = {
				ALWAYS_SEARCH_USER_PATHS = NO;
				CLANG_ANALYZER_NONNULL = YES;
				CLANG_ANALYZER_NUMBER_OBJECT_CONVERSION = YES_AGGRESSIVE;
				CLANG_CXX_LANGUAGE_STANDARD = "gnu++0x";
				CLANG_CXX_LIBRARY = "libc++";
				CLANG_ENABLE_MODULES = YES;
				CLANG_ENABLE_OBJC_ARC = YES;
				CLANG_WARN_BOOL_CONVERSION = YES;
				CLANG_WARN_CONSTANT_CONVERSION = YES;
				CLANG_WARN_DIRECT_OBJC_ISA_USAGE = YES_ERROR;
				CLANG_WARN_DOCUMENTATION_COMMENTS = YES;
				CLANG_WARN_EMPTY_BODY = YES;
				CLANG_WARN_ENUM_CONVERSION = YES;
				CLANG_WARN_INFINITE_RECURSION = YES;
				CLANG_WARN_INT_CONVERSION = YES;
				CLANG_WARN_OBJC_ROOT_CLASS = YES_ERROR;
				CLANG_WARN_SUSPICIOUS_MOVE = YES;
				CLANG_WARN_UNREACHABLE_CODE = YES;
				CLANG_WARN__DUPLICATE_METHOD_MATCH = YES;
				CODE_SIGN_IDENTITY = "-";
				COPY_PHASE_STRIP = NO;
				DEBUG_INFORMATION_FORMAT = dwarf;
				ENABLE_STRICT_OBJC_MSGSEND = YES;
				ENABLE_TESTABILITY = YES;
				GCC_C_LANGUAGE_STANDARD = gnu99;
				GCC_DYNAMIC_NO_PIC = NO;
				GCC_NO_COMMON_BLOCKS = YES;
				GCC_OPTIMIZATION_LEVEL = 0;
				GCC_PREPROCESSOR_DEFINITIONS = (
					"DEBUG=1",
					"$(inherited)",
				);
				GCC_WARN_64_TO_32_BIT_CONVERSION = YES;
				GCC_WARN_ABOUT_RETURN_TYPE = YES_ERROR;
				GCC_WARN_UNDECLARED_SELECTOR = YES;
				GCC_WARN_UNINITIALIZED_AUTOS = YES_AGGRESSIVE;
				GCC_WARN_UNUSED_FUNCTION = YES;
				GCC_WARN_UNUSED_VARIABLE = YES;
				MACOSX_DEPLOYMENT_TARGET = 10.12;
				MTL_ENABLE_DEBUG_INFO = YES;
				ONLY_ACTIVE_ARCH = YES;
				SDKROOT = macosx;
				SWIFT_OPTIMIZATION_LEVEL = "-Onone";
			};
			name = Debug;
		};
		AEAE147B1F0BD5A30076216F /* Release */ = {
			isa = XCBuildConfiguration;
			buildSettings = {
				ALWAYS_SEARCH_USER_PATHS = NO;
				CLANG_ANALYZER_NONNULL = YES;
				CLANG_ANALYZER_NUMBER_OBJECT_CONVERSION = YES_AGGRESSIVE;
				CLANG_CXX_LANGUAGE_STANDARD = "gnu++0x";
				CLANG_CXX_LIBRARY = "libc++";
				CLANG_ENABLE_MODULES = YES;
				CLANG_ENABLE_OBJC_ARC = YES;
				CLANG_WARN_BOOL_CONVERSION = YES;
				CLANG_WARN_CONSTANT_CONVERSION = YES;
				CLANG_WARN_DIRECT_OBJC_ISA_USAGE = YES_ERROR;
				CLANG_WARN_DOCUMENTATION_COMMENTS = YES;
				CLANG_WARN_EMPTY_BODY = YES;
				CLANG_WARN_ENUM_CONVERSION = YES;
				CLANG_WARN_INFINITE_RECURSION = YES;
				CLANG_WARN_INT_CONVERSION = YES;
				CLANG_WARN_OBJC_ROOT_CLASS = YES_ERROR;
				CLANG_WARN_SUSPICIOUS_MOVE = YES;
				CLANG_WARN_UNREACHABLE_CODE = YES;
				CLANG_WARN__DUPLICATE_METHOD_MATCH = YES;
				CODE_SIGN_IDENTITY = "-";
				COPY_PHASE_STRIP = NO;
				DEBUG_INFORMATION_FORMAT = "dwarf-with-dsym";
				ENABLE_NS_ASSERTIONS = NO;
				ENABLE_STRICT_OBJC_MSGSEND = YES;
				GCC_C_LANGUAGE_STANDARD = gnu99;
				GCC_NO_COMMON_BLOCKS = YES;
				GCC_WARN_64_TO_32_BIT_CONVERSION = YES;
				GCC_WARN_ABOUT_RETURN_TYPE = YES_ERROR;
				GCC_WARN_UNDECLARED_SELECTOR = YES;
				GCC_WARN_UNINITIALIZED_AUTOS = YES_AGGRESSIVE;
				GCC_WARN_UNUSED_FUNCTION = YES;
				GCC_WARN_UNUSED_VARIABLE = YES;
				MACOSX_DEPLOYMENT_TARGET = 10.12;
				MTL_ENABLE_DEBUG_INFO = NO;
				SDKROOT = macosx;
			};
			name = Release;
		};
		AEAE147D1F0BD5A30076216F /* Debug */ = {
			isa = XCBuildConfiguration;
			buildSettings = {
				CLANG_ENABLE_MODULES = YES;
				DEVELOPMENT_TEAM = 8GJ35L8N57;
				LD_RUNPATH_SEARCH_PATHS = "$(inherited) @executable_path/../Frameworks @loader_path/../Frameworks";
				PRODUCT_NAME = "$(TARGET_NAME)";
				SWIFT_OBJC_BRIDGING_HEADER = "InteroperateSwiftWithC/InteroperateSwiftWithC-Bridging-Header.h";
				SWIFT_OPTIMIZATION_LEVEL = "-Onone";
				SWIFT_VERSION = 3.0;
			};
			name = Debug;
		};
		AEAE147E1F0BD5A30076216F /* Release */ = {
			isa = XCBuildConfiguration;
			buildSettings = {
				CLANG_ENABLE_MODULES = YES;
				DEVELOPMENT_TEAM = 8GJ35L8N57;
				LD_RUNPATH_SEARCH_PATHS = "$(inherited) @executable_path/../Frameworks @loader_path/../Frameworks";
				PRODUCT_NAME = "$(TARGET_NAME)";
				SWIFT_OBJC_BRIDGING_HEADER = "InteroperateSwiftWithC/InteroperateSwiftWithC-Bridging-Header.h";
				SWIFT_VERSION = 3.0;
			};
			name = Release;
		};
/* End XCBuildConfiguration section */

/* Begin XCConfigurationList section */
		AEAE14701F0BD5A20076216F /* Build configuration list for PBXProject "InteroperateSwiftWithC" */ = {
			isa = XCConfigurationList;
			buildConfigurations = (
				AEAE147A1F0BD5A30076216F /* Debug */,
				AEAE147B1F0BD5A30076216F /* Release */,
			);
			defaultConfigurationIsVisible = 0;
			defaultConfigurationName = Release;
		};
		AEAE147C1F0BD5A30076216F /* Build configuration list for PBXNativeTarget "InteroperateSwiftWithC" */ = {
			isa = XCConfigurationList;
			buildConfigurations = (
				AEAE147D1F0BD5A30076216F /* Debug */,
				AEAE147E1F0BD5A30076216F /* Release */,
			);
			defaultConfigurationIsVisible = 0;
		};
/* End XCConfigurationList section */
	};
	rootObject = AEAE146D1F0BD5A20076216F /* Project object */;
}
